
Microsoft Visual Studio Solution File, Format Version 12.00
# Visual Studio Version 16
VisualStudioVersion = 16.0.30128.74
MinimumVisualStudioVersion = 10.0.40219.1
Project("{FAE04EC0-301F-11D3-BF4B-00C04F79EFBC}") = "Jeu_Carte", "Jeu_Carte.csproj", "{70E0BA00-8FDF-4A8E-B286-5CDDBB5DA046}"
EndProject
Global
	GlobalSection(SolutionConfigurationPlatforms) = preSolution
		Debug|Any CPU = Debug|Any CPU
		Release|Any CPU = Release|Any CPU
	EndGlobalSection
	GlobalSection(ProjectConfigurationPlatforms) = postSolution
		{70E0BA00-8FDF-4A8E-B286-5CDDBB5DA046}.Debug|Any CPU.ActiveCfg = Debug|Any CPU
		{70E0BA00-8FDF-4A8E-B286-5CDDBB5DA046}.Debug|Any CPU.Build.0 = Debug|Any CPU
		{70E0BA00-8FDF-4A8E-B286-5CDDBB5DA046}.Release|Any CPU.ActiveCfg = Release|Any CPU
		{70E0BA00-8FDF-4A8E-B286-5CDDBB5DA046}.Release|Any CPU.Build.0 = Release|Any CPU
	EndGlobalSection
	GlobalSection(SolutionProperties) = preSolution
		HideSolutionNode = FALSE
	EndGlobalSection
	GlobalSection(ExtensibilityGlobals) = postSolution
		SolutionGuid = {F788AE82-CDA1-4666-8734-CB5837305302}
	EndGlobalSection
EndGlobal
